
Microsoft Visual Studio Solution File, Format Version 12.00
# Visual Studio 2012
Project("{FAE04EC0-301F-11D3-BF4B-00C04F79EFBC}") = "Aula-2", "Aula-2\Aula-2.csproj", "{26813203-57EE-49C2-BDD9-6537757D927D}"
EndProject
Global
	GlobalSection(SolutionConfigurationPlatforms) = preSolution
		Debug|iPhoneSimulator = Debug|iPhoneSimulator
		Release|iPhoneSimulator = Release|iPhoneSimulator
		Debug|iPhone = Debug|iPhone
		Release|iPhone = Release|iPhone
		Ad-Hoc|iPhone = Ad-Hoc|iPhone
		AppStore|iPhone = AppStore|iPhone
	EndGlobalSection
	GlobalSection(ProjectConfigurationPlatforms) = postSolution
		{26813203-57EE-49C2-BDD9-6537757D927D}.Ad-Hoc|iPhone.ActiveCfg = Ad-Hoc|iPhone
		{26813203-57EE-49C2-BDD9-6537757D927D}.Ad-Hoc|iPhone.Build.0 = Ad-Hoc|iPhone
		{26813203-57EE-49C2-BDD9-6537757D927D}.AppStore|iPhone.ActiveCfg = AppStore|iPhone
		{26813203-57EE-49C2-BDD9-6537757D927D}.AppStore|iPhone.Build.0 = AppStore|iPhone
		{26813203-57EE-49C2-BDD9-6537757D927D}.Debug|iPhone.ActiveCfg = Debug|iPhone
		{26813203-57EE-49C2-BDD9-6537757D927D}.Debug|iPhone.Build.0 = Debug|iPhone
		{26813203-57EE-49C2-BDD9-6537757D927D}.Debug|iPhoneSimulator.ActiveCfg = Debug|iPhoneSimulator
		{26813203-57EE-49C2-BDD9-6537757D927D}.Debug|iPhoneSimulator.Build.0 = Debug|iPhoneSimulator
		{26813203-57EE-49C2-BDD9-6537757D927D}.Release|iPhone.ActiveCfg = Release|iPhone
		{26813203-57EE-49C2-BDD9-6537757D927D}.Release|iPhone.Build.0 = Release|iPhone
		{26813203-57EE-49C2-BDD9-6537757D927D}.Release|iPhoneSimulator.ActiveCfg = Release|iPhoneSimulator
		{26813203-57EE-49C2-BDD9-6537757D927D}.Release|iPhoneSimulator.Build.0 = Release|iPhoneSimulator
	EndGlobalSection
	GlobalSection(MonoDevelopProperties) = preSolution
		StartupItem = Aula-2\Aula-2.csproj
	EndGlobalSection
EndGlobal
